
Microsoft Visual Studio Solution File, Format Version 12.00
# Visual Studio Version 17
VisualStudioVersion = 17.3.32825.248
MinimumVisualStudioVersion = 10.0.40219.1
Project("{FAE04EC0-301F-11D3-BF4B-00C04F79EFBC}") = "CSharpDesignPatterns", "CSharpDesignPatterns.csproj", "{B3C1DD6F-D8DF-4306-B173-BE2964E443F8}"
EndProject
Global
	GlobalSection(SolutionConfigurationPlatforms) = preSolution
		Debug|Any CPU = Debug|Any CPU
		Release|Any CPU = Release|Any CPU
	EndGlobalSection
	GlobalSection(ProjectConfigurationPlatforms) = postSolution
		{B3C1DD6F-D8DF-4306-B173-BE2964E443F8}.Debug|Any CPU.ActiveCfg = Debug|Any CPU
		{B3C1DD6F-D8DF-4306-B173-BE2964E443F8}.Debug|Any CPU.Build.0 = Debug|Any CPU
		{B3C1DD6F-D8DF-4306-B173-BE2964E443F8}.Release|Any CPU.ActiveCfg = Release|Any CPU
		{B3C1DD6F-D8DF-4306-B173-BE2964E443F8}.Release|Any CPU.Build.0 = Release|Any CPU
	EndGlobalSection
	GlobalSection(SolutionProperties) = preSolution
		HideSolutionNode = FALSE
	EndGlobalSection
	GlobalSection(ExtensibilityGlobals) = postSolution
		SolutionGuid = {1F3E66F9-2242-492E-A589-E7C7ABFFD73C}
	EndGlobalSection
EndGlobal
